
Microsoft Visual Studio Solution File, Format Version 12.00
Project("{2150E333-8FDC-42A3-9474-1A3956D46DE8}") = "_infrastructure", "_infrastructure", "{0A32C129-9332-4598-B496-6347DDA5B901}"
	ProjectSection(SolutionItems) = preProject
		_infrastructure\README.md = _infrastructure\README.md
		_infrastructure\kafka\init-topics.sh = _infrastructure\kafka\init-topics.sh
		_infrastructure\kafka\log4j.properties = _infrastructure\kafka\log4j.properties
		_infrastructure\postgres\init\01-create-databases.sh = _infrastructure\postgres\init\01-create-databases.sh
		_infrastructure\scripts\wait-for-it.sh = _infrastructure\scripts\wait-for-it.sh
		_infrastructure\pgadmin\servers.json = _infrastructure\pgadmin\servers.json
	EndProjectSection
EndProject
Project("{2150E333-8FDC-42A3-9474-1A3956D46DE8}") = "services", "services", "{088EA90F-AD61-48FE-A100-B75E7ED1E6FD}"
EndProject
Project("{2150E333-8FDC-42A3-9474-1A3956D46DE8}") = "tests", "tests", "{139694AA-0AD2-441F-8E52-48B5D23EB879}"
EndProject
Project("{2150E333-8FDC-42A3-9474-1A3956D46DE8}") = "LeadService", "LeadService", "{137AEB84-ED78-4C33-9A4F-3C11C6D006EC}"
EndProject
Project("{FAE04EC0-301F-11D3-BF4B-00C04F79EFBC}") = "LeadService.Domain", "services\LeadService\LeadService.Domain\LeadService.Domain.csproj", "{E9B4BCB8-94D1-4ED7-BE53-070AFEDE0A6C}"
EndProject
Project("{FAE04EC0-301F-11D3-BF4B-00C04F79EFBC}") = "LeadService.Host", "services\LeadService\LeadService.Host\LeadService.Host.csproj", "{C56E462B-5ECD-45D5-B17C-BD483FB39AE7}"
EndProject
Project("{FAE04EC0-301F-11D3-BF4B-00C04F79EFBC}") = "LeadService.Application", "services\LeadService\LeadService.Application\LeadService.Application.csproj", "{D6BAF904-63B0-474A-AE1A-FC3C4A69696D}"
EndProject
Project("{2150E333-8FDC-42A3-9474-1A3956D46DE8}") = "EnrichmentService", "EnrichmentService", "{6EC89F4C-99E2-4448-A52D-80AEF5C02C84}"
EndProject
Project("{2150E333-8FDC-42A3-9474-1A3956D46DE8}") = "shared", "shared", "{E0E4B90D-6841-405E-B3E8-C23D8453CD87}"
EndProject
Project("{FAE04EC0-301F-11D3-BF4B-00C04F79EFBC}") = "SharedKernel", "shared\SharedKernel\SharedKernel.csproj", "{88D12729-000D-4689-AE59-789DCBB7D4AE}"
EndProject
Project("{FAE04EC0-301F-11D3-BF4B-00C04F79EFBC}") = "IntegrationEvents", "shared\IntegrationEvents\IntegrationEvents.csproj", "{F86F53EA-76D6-45D4-AF6D-9A6E7FB1ADC9}"
EndProject
Project("{FAE04EC0-301F-11D3-BF4B-00C04F79EFBC}") = "LeadService.Infrastructure", "services\LeadService\LeadService.Infrastructure\LeadService.Infrastructure.csproj", "{C0656E9E-1D89-4F4D-86D9-6E8221B58BD2}"
EndProject
Project("{FAE04EC0-301F-11D3-BF4B-00C04F79EFBC}") = "EnrichmentService.Domain", "services\EnrichmentService\EnrichmentService.Domain\EnrichmentService.Domain.csproj", "{867049E7-6195-4BE8-968F-7481FC960BD6}"
EndProject
Project("{FAE04EC0-301F-11D3-BF4B-00C04F79EFBC}") = "EnrichmentService.Application", "services\EnrichmentService\EnrichmentService.Application\EnrichmentService.Application.csproj", "{3FD8646D-5E00-4EF9-93DB-C08E90E314C4}"
EndProject
Project("{FAE04EC0-301F-11D3-BF4B-00C04F79EFBC}") = "EnrichmentService.Infrastructure", "services\EnrichmentService\EnrichmentService.Infrastructure\EnrichmentService.Infrastructure.csproj", "{E6222BA1-18EC-4794-AF26-A41D039CE3AB}"
EndProject
Project("{FAE04EC0-301F-11D3-BF4B-00C04F79EFBC}") = "EnrichmentService.Host", "services\EnrichmentService\EnrichmentService.Host\EnrichmentService.Host.csproj", "{DA2D1889-B312-4A82-AB9C-49A28A2414D8}"
EndProject
Project("{2150E333-8FDC-42A3-9474-1A3956D46DE8}") = "ScoringService", "ScoringService", "{611564CD-2973-49D0-9534-6F70DBABA19E}"
EndProject
Project("{FAE04EC0-301F-11D3-BF4B-00C04F79EFBC}") = "ScoringService.Host", "services\ScoringService\ScoringService.Host\ScoringService.Host.csproj", "{1C272D9A-99EF-49E0-A735-27DD5486F8EB}"
EndProject
Project("{FAE04EC0-301F-11D3-BF4B-00C04F79EFBC}") = "ScoringService.Domain", "services\ScoringService\ScoringService.Domain\ScoringService.Domain.csproj", "{CFB42713-6562-4D55-9DDB-7A46606A5113}"
EndProject
Project("{FAE04EC0-301F-11D3-BF4B-00C04F79EFBC}") = "ScoringService.Application", "services\ScoringService\ScoringService.Application\ScoringService.Application.csproj", "{BFF823C9-B2A0-44C3-9F31-D20987475B58}"
EndProject
Project("{FAE04EC0-301F-11D3-BF4B-00C04F79EFBC}") = "ScoringService.Infrastructure", "services\ScoringService\ScoringService.Infrastructure\ScoringService.Infrastructure.csproj", "{4E5CDC1E-F97A-4901-BF6D-9CEBAFAF1056}"
EndProject
Project("{2150E333-8FDC-42A3-9474-1A3956D46DE8}") = "DistributionService", "DistributionService", "{5665F24A-5AC2-4308-B7CF-3CC31F0E0683}"
EndProject
Project("{FAE04EC0-301F-11D3-BF4B-00C04F79EFBC}") = "DistributionService.Domain", "services\DistributionService\DistributionService.Domain\DistributionService.Domain.csproj", "{F876C15E-B6A1-4E49-A8DD-1B2425937209}"
EndProject
Project("{FAE04EC0-301F-11D3-BF4B-00C04F79EFBC}") = "DistributionService.Application", "services\DistributionService\DistributionService.Application\DistributionService.Application.csproj", "{60F2E471-42E6-4E5A-A138-93AB01D0C9A5}"
EndProject
Project("{FAE04EC0-301F-11D3-BF4B-00C04F79EFBC}") = "DistributionService.Infrastructure", "services\DistributionService\DistributionService.Infrastructure\DistributionService.Infrastructure.csproj", "{DF762A7B-17AD-41C3-A29F-A7E4CBBBB0C2}"
EndProject
Project("{FAE04EC0-301F-11D3-BF4B-00C04F79EFBC}") = "DistributionService.Host", "services\DistributionService\DistributionService.Host\DistributionService.Host.csproj", "{92D614B7-AC07-4BDB-BA09-11E9F67DFE33}"
EndProject
Project("{2150E333-8FDC-42A3-9474-1A3956D46DE8}") = "NotificationService", "NotificationService", "{56A1613F-4929-4502-9C86-7E47FFE73D94}"
EndProject
Project("{FAE04EC0-301F-11D3-BF4B-00C04F79EFBC}") = "NotificationService.Domain", "services\NotificationService\NotificationService.Domain\NotificationService.Domain.csproj", "{3A223F86-C256-43AE-BA45-C0B50A35CADF}"
EndProject
Project("{FAE04EC0-301F-11D3-BF4B-00C04F79EFBC}") = "NotificationService.Application", "services\NotificationService\NotificationService.Application\NotificationService.Application.csproj", "{89984446-80B4-4D87-862F-6E84E0165770}"
EndProject
Project("{FAE04EC0-301F-11D3-BF4B-00C04F79EFBC}") = "NotificationService.Infrastructure", "services\NotificationService\NotificationService.Infrastructure\NotificationService.Infrastructure.csproj", "{13696901-3E67-4402-9A50-D87A91ADC985}"
EndProject
Project("{FAE04EC0-301F-11D3-BF4B-00C04F79EFBC}") = "NotificationService.Host", "services\NotificationService\NotificationService.Host\NotificationService.Host.csproj", "{DEAD9342-7A7A-49EB-9688-77E6C45C9C52}"
EndProject
Project("{2150E333-8FDC-42A3-9474-1A3956D46DE8}") = "ApiGateway", "ApiGateway", "{EC054B81-26C0-482D-A76C-F680590D461F}"
EndProject
Project("{FAE04EC0-301F-11D3-BF4B-00C04F79EFBC}") = "ApiGateway.Host", "services\ApiGateway\ApiGateway.Host\ApiGateway.Host.csproj", "{E0442CC3-F809-402F-A0A7-18ABD70D4379}"
EndProject
Project("{2150E333-8FDC-42A3-9474-1A3956D46DE8}") = "UnitTests", "UnitTests", "{6006ED19-8FE8-4235-A12A-D02E48187BF3}"
EndProject
Project("{2150E333-8FDC-42A3-9474-1A3956D46DE8}") = "LoadTests", "LoadTests", "{12B7AE34-0484-4557-9272-6FB249333D05}"
EndProject
Project("{FAE04EC0-301F-11D3-BF4B-00C04F79EFBC}") = "NotificationService.Tests", "tests\UnitTests\NotificationService.Tests\NotificationService.Tests.csproj", "{716BB6CE-D3A3-44D9-863F-CB9B9251547A}"
EndProject
Project("{FAE04EC0-301F-11D3-BF4B-00C04F79EFBC}") = "LeadService.Tests", "tests\UnitTests\LeadService.Tests\LeadService.Tests.csproj", "{6D5D0ACF-1504-4242-A592-3960679F98B7}"
EndProject
Project("{FAE04EC0-301F-11D3-BF4B-00C04F79EFBC}") = "EnrichmentService.Tests", "tests\UnitTests\EnrichmentService.Tests\EnrichmentService.Tests.csproj", "{B101E021-97C1-4C76-9C1C-4DCDFB814B18}"
EndProject
Project("{FAE04EC0-301F-11D3-BF4B-00C04F79EFBC}") = "ScoringService.Tests", "tests\UnitTests\ScoringService.Tests\ScoringService.Tests.csproj", "{AD4E897A-7B8C-493E-89ED-0DC5555F306B}"
EndProject
Project("{FAE04EC0-301F-11D3-BF4B-00C04F79EFBC}") = "DistributionService.Tests", "tests\UnitTests\DistributionService.Tests\DistributionService.Tests.csproj", "{0EE02955-B890-4B56-8732-B8798D8A5156}"
EndProject
Project("{FAE04EC0-301F-11D3-BF4B-00C04F79EFBC}") = "LoadTests.Host", "tests\LoadTests\LoadTests.Host\LoadTests.Host.csproj", "{135724A9-79FB-4EBA-836F-166C5F939B61}"
EndProject
Project("{2150E333-8FDC-42A3-9474-1A3956D46DE8}") = "_solutionItems", "_solutionItems", "{CF2DDAD1-AEB8-43A3-812B-05B4BDA13CDD}"
	ProjectSection(SolutionItems) = preProject
		.dockerignore = .dockerignore
		.env = .env
		.gitignore = .gitignore
		docker-compose.yml = docker-compose.yml
		NuGet.config = NuGet.config
		README.md = README.md
	EndProjectSection
EndProject
Project("{FAE04EC0-301F-11D3-BF4B-00C04F79EFBC}") = "SharedHosting", "shared\SharedHosting\SharedHosting.csproj", "{A0F1E74D-B185-4EB7-9AE3-7F79F3F68B86}"
EndProject
Project("{FAE04EC0-301F-11D3-BF4B-00C04F79EFBC}") = "SharedInfrastructure", "shared\SharedInfrastructure\SharedInfrastructure.csproj", "{5292112C-FEF1-4E11-87D3-AC113885C6B8}"
EndProject
Project("{2150E333-8FDC-42A3-9474-1A3956D46DE8}") = "shared", "shared", "{14A285E4-D407-4C0E-BDF1-3D03F0FB05AF}"
EndProject
Project("{FAE04EC0-301F-11D3-BF4B-00C04F79EFBC}") = "SharedTestInfrastructure", "tests\UnitTests\shared\SharedTestInfrastructure\SharedTestInfrastructure.csproj", "{237B12D1-86AB-40A0-9F5B-A8D396CE16B1}"
EndProject
Global
	GlobalSection(SolutionConfigurationPlatforms) = preSolution
		Debug|Any CPU = Debug|Any CPU
		Release|Any CPU = Release|Any CPU
	EndGlobalSection
	GlobalSection(NestedProjects) = preSolution
		{137AEB84-ED78-4C33-9A4F-3C11C6D006EC} = {088EA90F-AD61-48FE-A100-B75E7ED1E6FD}
		{E9B4BCB8-94D1-4ED7-BE53-070AFEDE0A6C} = {137AEB84-ED78-4C33-9A4F-3C11C6D006EC}
		{C56E462B-5ECD-45D5-B17C-BD483FB39AE7} = {137AEB84-ED78-4C33-9A4F-3C11C6D006EC}
		{D6BAF904-63B0-474A-AE1A-FC3C4A69696D} = {137AEB84-ED78-4C33-9A4F-3C11C6D006EC}
		{6EC89F4C-99E2-4448-A52D-80AEF5C02C84} = {088EA90F-AD61-48FE-A100-B75E7ED1E6FD}
		{88D12729-000D-4689-AE59-789DCBB7D4AE} = {E0E4B90D-6841-405E-B3E8-C23D8453CD87}
		{F86F53EA-76D6-45D4-AF6D-9A6E7FB1ADC9} = {E0E4B90D-6841-405E-B3E8-C23D8453CD87}
		{C0656E9E-1D89-4F4D-86D9-6E8221B58BD2} = {137AEB84-ED78-4C33-9A4F-3C11C6D006EC}
		{867049E7-6195-4BE8-968F-7481FC960BD6} = {6EC89F4C-99E2-4448-A52D-80AEF5C02C84}
		{3FD8646D-5E00-4EF9-93DB-C08E90E314C4} = {6EC89F4C-99E2-4448-A52D-80AEF5C02C84}
		{E6222BA1-18EC-4794-AF26-A41D039CE3AB} = {6EC89F4C-99E2-4448-A52D-80AEF5C02C84}
		{DA2D1889-B312-4A82-AB9C-49A28A2414D8} = {6EC89F4C-99E2-4448-A52D-80AEF5C02C84}
		{611564CD-2973-49D0-9534-6F70DBABA19E} = {088EA90F-AD61-48FE-A100-B75E7ED1E6FD}
		{1C272D9A-99EF-49E0-A735-27DD5486F8EB} = {611564CD-2973-49D0-9534-6F70DBABA19E}
		{CFB42713-6562-4D55-9DDB-7A46606A5113} = {611564CD-2973-49D0-9534-6F70DBABA19E}
		{BFF823C9-B2A0-44C3-9F31-D20987475B58} = {611564CD-2973-49D0-9534-6F70DBABA19E}
		{4E5CDC1E-F97A-4901-BF6D-9CEBAFAF1056} = {611564CD-2973-49D0-9534-6F70DBABA19E}
		{5665F24A-5AC2-4308-B7CF-3CC31F0E0683} = {088EA90F-AD61-48FE-A100-B75E7ED1E6FD}
		{F876C15E-B6A1-4E49-A8DD-1B2425937209} = {5665F24A-5AC2-4308-B7CF-3CC31F0E0683}
		{60F2E471-42E6-4E5A-A138-93AB01D0C9A5} = {5665F24A-5AC2-4308-B7CF-3CC31F0E0683}
		{DF762A7B-17AD-41C3-A29F-A7E4CBBBB0C2} = {5665F24A-5AC2-4308-B7CF-3CC31F0E0683}
		{92D614B7-AC07-4BDB-BA09-11E9F67DFE33} = {5665F24A-5AC2-4308-B7CF-3CC31F0E0683}
		{56A1613F-4929-4502-9C86-7E47FFE73D94} = {088EA90F-AD61-48FE-A100-B75E7ED1E6FD}
		{3A223F86-C256-43AE-BA45-C0B50A35CADF} = {56A1613F-4929-4502-9C86-7E47FFE73D94}
		{89984446-80B4-4D87-862F-6E84E0165770} = {56A1613F-4929-4502-9C86-7E47FFE73D94}
		{13696901-3E67-4402-9A50-D87A91ADC985} = {56A1613F-4929-4502-9C86-7E47FFE73D94}
		{DEAD9342-7A7A-49EB-9688-77E6C45C9C52} = {56A1613F-4929-4502-9C86-7E47FFE73D94}
		{EC054B81-26C0-482D-A76C-F680590D461F} = {088EA90F-AD61-48FE-A100-B75E7ED1E6FD}
		{E0442CC3-F809-402F-A0A7-18ABD70D4379} = {EC054B81-26C0-482D-A76C-F680590D461F}
		{6006ED19-8FE8-4235-A12A-D02E48187BF3} = {139694AA-0AD2-441F-8E52-48B5D23EB879}
		{12B7AE34-0484-4557-9272-6FB249333D05} = {139694AA-0AD2-441F-8E52-48B5D23EB879}
		{716BB6CE-D3A3-44D9-863F-CB9B9251547A} = {6006ED19-8FE8-4235-A12A-D02E48187BF3}
		{6D5D0ACF-1504-4242-A592-3960679F98B7} = {6006ED19-8FE8-4235-A12A-D02E48187BF3}
		{B101E021-97C1-4C76-9C1C-4DCDFB814B18} = {6006ED19-8FE8-4235-A12A-D02E48187BF3}
		{AD4E897A-7B8C-493E-89ED-0DC5555F306B} = {6006ED19-8FE8-4235-A12A-D02E48187BF3}
		{0EE02955-B890-4B56-8732-B8798D8A5156} = {6006ED19-8FE8-4235-A12A-D02E48187BF3}
		{135724A9-79FB-4EBA-836F-166C5F939B61} = {12B7AE34-0484-4557-9272-6FB249333D05}
		{A0F1E74D-B185-4EB7-9AE3-7F79F3F68B86} = {E0E4B90D-6841-405E-B3E8-C23D8453CD87}
		{5292112C-FEF1-4E11-87D3-AC113885C6B8} = {E0E4B90D-6841-405E-B3E8-C23D8453CD87}
		{14A285E4-D407-4C0E-BDF1-3D03F0FB05AF} = {6006ED19-8FE8-4235-A12A-D02E48187BF3}
		{237B12D1-86AB-40A0-9F5B-A8D396CE16B1} = {14A285E4-D407-4C0E-BDF1-3D03F0FB05AF}
	EndGlobalSection
	GlobalSection(ProjectConfigurationPlatforms) = postSolution
		{E9B4BCB8-94D1-4ED7-BE53-070AFEDE0A6C}.Debug|Any CPU.ActiveCfg = Debug|Any CPU
		{E9B4BCB8-94D1-4ED7-BE53-070AFEDE0A6C}.Debug|Any CPU.Build.0 = Debug|Any CPU
		{E9B4BCB8-94D1-4ED7-BE53-070AFEDE0A6C}.Release|Any CPU.ActiveCfg = Release|Any CPU
		{E9B4BCB8-94D1-4ED7-BE53-070AFEDE0A6C}.Release|Any CPU.Build.0 = Release|Any CPU
		{C56E462B-5ECD-45D5-B17C-BD483FB39AE7}.Debug|Any CPU.ActiveCfg = Debug|Any CPU
		{C56E462B-5ECD-45D5-B17C-BD483FB39AE7}.Debug|Any CPU.Build.0 = Debug|Any CPU
		{C56E462B-5ECD-45D5-B17C-BD483FB39AE7}.Release|Any CPU.ActiveCfg = Release|Any CPU
		{C56E462B-5ECD-45D5-B17C-BD483FB39AE7}.Release|Any CPU.Build.0 = Release|Any CPU
		{D6BAF904-63B0-474A-AE1A-FC3C4A69696D}.Debug|Any CPU.ActiveCfg = Debug|Any CPU
		{D6BAF904-63B0-474A-AE1A-FC3C4A69696D}.Debug|Any CPU.Build.0 = Debug|Any CPU
		{D6BAF904-63B0-474A-AE1A-FC3C4A69696D}.Release|Any CPU.ActiveCfg = Release|Any CPU
		{D6BAF904-63B0-474A-AE1A-FC3C4A69696D}.Release|Any CPU.Build.0 = Release|Any CPU
		{88D12729-000D-4689-AE59-789DCBB7D4AE}.Debug|Any CPU.ActiveCfg = Debug|Any CPU
		{88D12729-000D-4689-AE59-789DCBB7D4AE}.Debug|Any CPU.Build.0 = Debug|Any CPU
		{88D12729-000D-4689-AE59-789DCBB7D4AE}.Release|Any CPU.ActiveCfg = Release|Any CPU
		{88D12729-000D-4689-AE59-789DCBB7D4AE}.Release|Any CPU.Build.0 = Release|Any CPU
		{F86F53EA-76D6-45D4-AF6D-9A6E7FB1ADC9}.Debug|Any CPU.ActiveCfg = Debug|Any CPU
		{F86F53EA-76D6-45D4-AF6D-9A6E7FB1ADC9}.Debug|Any CPU.Build.0 = Debug|Any CPU
		{F86F53EA-76D6-45D4-AF6D-9A6E7FB1ADC9}.Release|Any CPU.ActiveCfg = Release|Any CPU
		{F86F53EA-76D6-45D4-AF6D-9A6E7FB1ADC9}.Release|Any CPU.Build.0 = Release|Any CPU
		{C0656E9E-1D89-4F4D-86D9-6E8221B58BD2}.Debug|Any CPU.ActiveCfg = Debug|Any CPU
		{C0656E9E-1D89-4F4D-86D9-6E8221B58BD2}.Debug|Any CPU.Build.0 = Debug|Any CPU
		{C0656E9E-1D89-4F4D-86D9-6E8221B58BD2}.Release|Any CPU.ActiveCfg = Release|Any CPU
		{C0656E9E-1D89-4F4D-86D9-6E8221B58BD2}.Release|Any CPU.Build.0 = Release|Any CPU
		{867049E7-6195-4BE8-968F-7481FC960BD6}.Debug|Any CPU.ActiveCfg = Debug|Any CPU
		{867049E7-6195-4BE8-968F-7481FC960BD6}.Debug|Any CPU.Build.0 = Debug|Any CPU
		{867049E7-6195-4BE8-968F-7481FC960BD6}.Release|Any CPU.ActiveCfg = Release|Any CPU
		{867049E7-6195-4BE8-968F-7481FC960BD6}.Release|Any CPU.Build.0 = Release|Any CPU
		{3FD8646D-5E00-4EF9-93DB-C08E90E314C4}.Debug|Any CPU.ActiveCfg = Debug|Any CPU
		{3FD8646D-5E00-4EF9-93DB-C08E90E314C4}.Debug|Any CPU.Build.0 = Debug|Any CPU
		{3FD8646D-5E00-4EF9-93DB-C08E90E314C4}.Release|Any CPU.ActiveCfg = Release|Any CPU
		{3FD8646D-5E00-4EF9-93DB-C08E90E314C4}.Release|Any CPU.Build.0 = Release|Any CPU
		{E6222BA1-18EC-4794-AF26-A41D039CE3AB}.Debug|Any CPU.ActiveCfg = Debug|Any CPU
		{E6222BA1-18EC-4794-AF26-A41D039CE3AB}.Debug|Any CPU.Build.0 = Debug|Any CPU
		{E6222BA1-18EC-4794-AF26-A41D039CE3AB}.Release|Any CPU.ActiveCfg = Release|Any CPU
		{E6222BA1-18EC-4794-AF26-A41D039CE3AB}.Release|Any CPU.Build.0 = Release|Any CPU
		{DA2D1889-B312-4A82-AB9C-49A28A2414D8}.Debug|Any CPU.ActiveCfg = Debug|Any CPU
		{DA2D1889-B312-4A82-AB9C-49A28A2414D8}.Debug|Any CPU.Build.0 = Debug|Any CPU
		{DA2D1889-B312-4A82-AB9C-49A28A2414D8}.Release|Any CPU.ActiveCfg = Release|Any CPU
		{DA2D1889-B312-4A82-AB9C-49A28A2414D8}.Release|Any CPU.Build.0 = Release|Any CPU
		{1C272D9A-99EF-49E0-A735-27DD5486F8EB}.Debug|Any CPU.ActiveCfg = Debug|Any CPU
		{1C272D9A-99EF-49E0-A735-27DD5486F8EB}.Debug|Any CPU.Build.0 = Debug|Any CPU
		{1C272D9A-99EF-49E0-A735-27DD5486F8EB}.Release|Any CPU.ActiveCfg = Release|Any CPU
		{1C272D9A-99EF-49E0-A735-27DD5486F8EB}.Release|Any CPU.Build.0 = Release|Any CPU
		{CFB42713-6562-4D55-9DDB-7A46606A5113}.Debug|Any CPU.ActiveCfg = Debug|Any CPU
		{CFB42713-6562-4D55-9DDB-7A46606A5113}.Debug|Any CPU.Build.0 = Debug|Any CPU
		{CFB42713-6562-4D55-9DDB-7A46606A5113}.Release|Any CPU.ActiveCfg = Release|Any CPU
		{CFB42713-6562-4D55-9DDB-7A46606A5113}.Release|Any CPU.Build.0 = Release|Any CPU
		{BFF823C9-B2A0-44C3-9F31-D20987475B58}.Debug|Any CPU.ActiveCfg = Debug|Any CPU
		{BFF823C9-B2A0-44C3-9F31-D20987475B58}.Debug|Any CPU.Build.0 = Debug|Any CPU
		{BFF823C9-B2A0-44C3-9F31-D20987475B58}.Release|Any CPU.ActiveCfg = Release|Any CPU
		{BFF823C9-B2A0-44C3-9F31-D20987475B58}.Release|Any CPU.Build.0 = Release|Any CPU
		{4E5CDC1E-F97A-4901-BF6D-9CEBAFAF1056}.Debug|Any CPU.ActiveCfg = Debug|Any CPU
		{4E5CDC1E-F97A-4901-BF6D-9CEBAFAF1056}.Debug|Any CPU.Build.0 = Debug|Any CPU
		{4E5CDC1E-F97A-4901-BF6D-9CEBAFAF1056}.Release|Any CPU.ActiveCfg = Release|Any CPU
		{4E5CDC1E-F97A-4901-BF6D-9CEBAFAF1056}.Release|Any CPU.Build.0 = Release|Any CPU
		{F876C15E-B6A1-4E49-A8DD-1B2425937209}.Debug|Any CPU.ActiveCfg = Debug|Any CPU
		{F876C15E-B6A1-4E49-A8DD-1B2425937209}.Debug|Any CPU.Build.0 = Debug|Any CPU
		{F876C15E-B6A1-4E49-A8DD-1B2425937209}.Release|Any CPU.ActiveCfg = Release|Any CPU
		{F876C15E-B6A1-4E49-A8DD-1B2425937209}.Release|Any CPU.Build.0 = Release|Any CPU
		{60F2E471-42E6-4E5A-A138-93AB01D0C9A5}.Debug|Any CPU.ActiveCfg = Debug|Any CPU
		{60F2E471-42E6-4E5A-A138-93AB01D0C9A5}.Debug|Any CPU.Build.0 = Debug|Any CPU
		{60F2E471-42E6-4E5A-A138-93AB01D0C9A5}.Release|Any CPU.ActiveCfg = Release|Any CPU
		{60F2E471-42E6-4E5A-A138-93AB01D0C9A5}.Release|Any CPU.Build.0 = Release|Any CPU
		{DF762A7B-17AD-41C3-A29F-A7E4CBBBB0C2}.Debug|Any CPU.ActiveCfg = Debug|Any CPU
		{DF762A7B-17AD-41C3-A29F-A7E4CBBBB0C2}.Debug|Any CPU.Build.0 = Debug|Any CPU
		{DF762A7B-17AD-41C3-A29F-A7E4CBBBB0C2}.Release|Any CPU.ActiveCfg = Release|Any CPU
		{DF762A7B-17AD-41C3-A29F-A7E4CBBBB0C2}.Release|Any CPU.Build.0 = Release|Any CPU
		{92D614B7-AC07-4BDB-BA09-11E9F67DFE33}.Debug|Any CPU.ActiveCfg = Debug|Any CPU
		{92D614B7-AC07-4BDB-BA09-11E9F67DFE33}.Debug|Any CPU.Build.0 = Debug|Any CPU
		{92D614B7-AC07-4BDB-BA09-11E9F67DFE33}.Release|Any CPU.ActiveCfg = Release|Any CPU
		{92D614B7-AC07-4BDB-BA09-11E9F67DFE33}.Release|Any CPU.Build.0 = Release|Any CPU
		{3A223F86-C256-43AE-BA45-C0B50A35CADF}.Debug|Any CPU.ActiveCfg = Debug|Any CPU
		{3A223F86-C256-43AE-BA45-C0B50A35CADF}.Debug|Any CPU.Build.0 = Debug|Any CPU
		{3A223F86-C256-43AE-BA45-C0B50A35CADF}.Release|Any CPU.ActiveCfg = Release|Any CPU
		{3A223F86-C256-43AE-BA45-C0B50A35CADF}.Release|Any CPU.Build.0 = Release|Any CPU
		{89984446-80B4-4D87-862F-6E84E0165770}.Debug|Any CPU.ActiveCfg = Debug|Any CPU
		{89984446-80B4-4D87-862F-6E84E0165770}.Debug|Any CPU.Build.0 = Debug|Any CPU
		{89984446-80B4-4D87-862F-6E84E0165770}.Release|Any CPU.ActiveCfg = Release|Any CPU
		{89984446-80B4-4D87-862F-6E84E0165770}.Release|Any CPU.Build.0 = Release|Any CPU
		{13696901-3E67-4402-9A50-D87A91ADC985}.Debug|Any CPU.ActiveCfg = Debug|Any CPU
		{13696901-3E67-4402-9A50-D87A91ADC985}.Debug|Any CPU.Build.0 = Debug|Any CPU
		{13696901-3E67-4402-9A50-D87A91ADC985}.Release|Any CPU.ActiveCfg = Release|Any CPU
		{13696901-3E67-4402-9A50-D87A91ADC985}.Release|Any CPU.Build.0 = Release|Any CPU
		{DEAD9342-7A7A-49EB-9688-77E6C45C9C52}.Debug|Any CPU.ActiveCfg = Debug|Any CPU
		{DEAD9342-7A7A-49EB-9688-77E6C45C9C52}.Debug|Any CPU.Build.0 = Debug|Any CPU
		{DEAD9342-7A7A-49EB-9688-77E6C45C9C52}.Release|Any CPU.ActiveCfg = Release|Any CPU
		{DEAD9342-7A7A-49EB-9688-77E6C45C9C52}.Release|Any CPU.Build.0 = Release|Any CPU
		{E0442CC3-F809-402F-A0A7-18ABD70D4379}.Debug|Any CPU.ActiveCfg = Debug|Any CPU
		{E0442CC3-F809-402F-A0A7-18ABD70D4379}.Debug|Any CPU.Build.0 = Debug|Any CPU
		{E0442CC3-F809-402F-A0A7-18ABD70D4379}.Release|Any CPU.ActiveCfg = Release|Any CPU
		{E0442CC3-F809-402F-A0A7-18ABD70D4379}.Release|Any CPU.Build.0 = Release|Any CPU
		{716BB6CE-D3A3-44D9-863F-CB9B9251547A}.Debug|Any CPU.ActiveCfg = Debug|Any CPU
		{716BB6CE-D3A3-44D9-863F-CB9B9251547A}.Debug|Any CPU.Build.0 = Debug|Any CPU
		{716BB6CE-D3A3-44D9-863F-CB9B9251547A}.Release|Any CPU.ActiveCfg = Release|Any CPU
		{716BB6CE-D3A3-44D9-863F-CB9B9251547A}.Release|Any CPU.Build.0 = Release|Any CPU
		{6D5D0ACF-1504-4242-A592-3960679F98B7}.Debug|Any CPU.ActiveCfg = Debug|Any CPU
		{6D5D0ACF-1504-4242-A592-3960679F98B7}.Debug|Any CPU.Build.0 = Debug|Any CPU
		{6D5D0ACF-1504-4242-A592-3960679F98B7}.Release|Any CPU.ActiveCfg = Release|Any CPU
		{6D5D0ACF-1504-4242-A592-3960679F98B7}.Release|Any CPU.Build.0 = Release|Any CPU
		{B101E021-97C1-4C76-9C1C-4DCDFB814B18}.Debug|Any CPU.ActiveCfg = Debug|Any CPU
		{B101E021-97C1-4C76-9C1C-4DCDFB814B18}.Debug|Any CPU.Build.0 = Debug|Any CPU
		{B101E021-97C1-4C76-9C1C-4DCDFB814B18}.Release|Any CPU.ActiveCfg = Release|Any CPU
		{B101E021-97C1-4C76-9C1C-4DCDFB814B18}.Release|Any CPU.Build.0 = Release|Any CPU
		{AD4E897A-7B8C-493E-89ED-0DC5555F306B}.Debug|Any CPU.ActiveCfg = Debug|Any CPU
		{AD4E897A-7B8C-493E-89ED-0DC5555F306B}.Debug|Any CPU.Build.0 = Debug|Any CPU
		{AD4E897A-7B8C-493E-89ED-0DC5555F306B}.Release|Any CPU.ActiveCfg = Release|Any CPU
		{AD4E897A-7B8C-493E-89ED-0DC5555F306B}.Release|Any CPU.Build.0 = Release|Any CPU
		{0EE02955-B890-4B56-8732-B8798D8A5156}.Debug|Any CPU.ActiveCfg = Debug|Any CPU
		{0EE02955-B890-4B56-8732-B8798D8A5156}.Debug|Any CPU.Build.0 = Debug|Any CPU
		{0EE02955-B890-4B56-8732-B8798D8A5156}.Release|Any CPU.ActiveCfg = Release|Any CPU
		{0EE02955-B890-4B56-8732-B8798D8A5156}.Release|Any CPU.Build.0 = Release|Any CPU
		{135724A9-79FB-4EBA-836F-166C5F939B61}.Debug|Any CPU.ActiveCfg = Debug|Any CPU
		{135724A9-79FB-4EBA-836F-166C5F939B61}.Debug|Any CPU.Build.0 = Debug|Any CPU
		{135724A9-79FB-4EBA-836F-166C5F939B61}.Release|Any CPU.ActiveCfg = Release|Any CPU
		{135724A9-79FB-4EBA-836F-166C5F939B61}.Release|Any CPU.Build.0 = Release|Any CPU
		{A0F1E74D-B185-4EB7-9AE3-7F79F3F68B86}.Debug|Any CPU.ActiveCfg = Debug|Any CPU
		{A0F1E74D-B185-4EB7-9AE3-7F79F3F68B86}.Debug|Any CPU.Build.0 = Debug|Any CPU
		{A0F1E74D-B185-4EB7-9AE3-7F79F3F68B86}.Release|Any CPU.ActiveCfg = Release|Any CPU
		{A0F1E74D-B185-4EB7-9AE3-7F79F3F68B86}.Release|Any CPU.Build.0 = Release|Any CPU
		{5292112C-FEF1-4E11-87D3-AC113885C6B8}.Debug|Any CPU.ActiveCfg = Debug|Any CPU
		{5292112C-FEF1-4E11-87D3-AC113885C6B8}.Debug|Any CPU.Build.0 = Debug|Any CPU
		{5292112C-FEF1-4E11-87D3-AC113885C6B8}.Release|Any CPU.ActiveCfg = Release|Any CPU
		{5292112C-FEF1-4E11-87D3-AC113885C6B8}.Release|Any CPU.Build.0 = Release|Any CPU
		{237B12D1-86AB-40A0-9F5B-A8D396CE16B1}.Debug|Any CPU.ActiveCfg = Debug|Any CPU
		{237B12D1-86AB-40A0-9F5B-A8D396CE16B1}.Debug|Any CPU.Build.0 = Debug|Any CPU
		{237B12D1-86AB-40A0-9F5B-A8D396CE16B1}.Release|Any CPU.ActiveCfg = Release|Any CPU
		{237B12D1-86AB-40A0-9F5B-A8D396CE16B1}.Release|Any CPU.Build.0 = Release|Any CPU
	EndGlobalSection
EndGlobal
